
Microsoft Visual Studio Solution File, Format Version 12.00
Project("{FAE04EC0-301F-11D3-BF4B-00C04F79EFBC}") = "Currency.Server", "Currency.Server\Currency.Server.csproj", "{9EDE104F-B0CA-46F1-B228-5CE2F49BE9BF}"
EndProject
Project("{FAE04EC0-301F-11D3-BF4B-00C04F79EFBC}") = "CurrencyRpcTestClient", "CurrencyRpcTestClient\CurrencyRpcTestClient.csproj", "{0BC9FE6B-7248-4786-8B7C-B41AFFB304DC}"
EndProject
Project("{FAE04EC0-301F-11D3-BF4B-00C04F79EFBC}") = "CurrencyConverter", "CurrencyConverter\CurrencyConverter.csproj", "{4F095B1B-D360-47FC-B67C-D57811BC4C33}"
EndProject
Project("{FAE04EC0-301F-11D3-BF4B-00C04F79EFBC}") = "DesktopClient", "DesktopClient\DesktopClient.csproj", "{CD46EDF3-A6AF-4D4A-8D64-1A60E427F6C5}"
EndProject
Project("{FAE04EC0-301F-11D3-BF4B-00C04F79EFBC}") = "RpcCurrencyClientLib", "RpcCurrencyClientLib\RpcCurrencyClientLib.csproj", "{7E3CDE7C-9834-4D48-82DF-030024A25101}"
EndProject
Global
	GlobalSection(SolutionConfigurationPlatforms) = preSolution
		Debug|Any CPU = Debug|Any CPU
		Release|Any CPU = Release|Any CPU
	EndGlobalSection
	GlobalSection(ProjectConfigurationPlatforms) = postSolution
		{9EDE104F-B0CA-46F1-B228-5CE2F49BE9BF}.Debug|Any CPU.ActiveCfg = Debug|Any CPU
		{9EDE104F-B0CA-46F1-B228-5CE2F49BE9BF}.Debug|Any CPU.Build.0 = Debug|Any CPU
		{9EDE104F-B0CA-46F1-B228-5CE2F49BE9BF}.Release|Any CPU.ActiveCfg = Release|Any CPU
		{9EDE104F-B0CA-46F1-B228-5CE2F49BE9BF}.Release|Any CPU.Build.0 = Release|Any CPU
		{0BC9FE6B-7248-4786-8B7C-B41AFFB304DC}.Debug|Any CPU.ActiveCfg = Debug|Any CPU
		{0BC9FE6B-7248-4786-8B7C-B41AFFB304DC}.Debug|Any CPU.Build.0 = Debug|Any CPU
		{0BC9FE6B-7248-4786-8B7C-B41AFFB304DC}.Release|Any CPU.ActiveCfg = Release|Any CPU
		{0BC9FE6B-7248-4786-8B7C-B41AFFB304DC}.Release|Any CPU.Build.0 = Release|Any CPU
		{4F095B1B-D360-47FC-B67C-D57811BC4C33}.Debug|Any CPU.ActiveCfg = Debug|Any CPU
		{4F095B1B-D360-47FC-B67C-D57811BC4C33}.Debug|Any CPU.Build.0 = Debug|Any CPU
		{4F095B1B-D360-47FC-B67C-D57811BC4C33}.Release|Any CPU.ActiveCfg = Release|Any CPU
		{4F095B1B-D360-47FC-B67C-D57811BC4C33}.Release|Any CPU.Build.0 = Release|Any CPU
		{CD46EDF3-A6AF-4D4A-8D64-1A60E427F6C5}.Debug|Any CPU.ActiveCfg = Debug|Any CPU
		{CD46EDF3-A6AF-4D4A-8D64-1A60E427F6C5}.Debug|Any CPU.Build.0 = Debug|Any CPU
		{CD46EDF3-A6AF-4D4A-8D64-1A60E427F6C5}.Release|Any CPU.ActiveCfg = Release|Any CPU
		{CD46EDF3-A6AF-4D4A-8D64-1A60E427F6C5}.Release|Any CPU.Build.0 = Release|Any CPU
		{7E3CDE7C-9834-4D48-82DF-030024A25101}.Debug|Any CPU.ActiveCfg = Debug|Any CPU
		{7E3CDE7C-9834-4D48-82DF-030024A25101}.Debug|Any CPU.Build.0 = Debug|Any CPU
		{7E3CDE7C-9834-4D48-82DF-030024A25101}.Release|Any CPU.ActiveCfg = Release|Any CPU
		{7E3CDE7C-9834-4D48-82DF-030024A25101}.Release|Any CPU.Build.0 = Release|Any CPU
	EndGlobalSection
EndGlobal
